// !$*UTF8*$!
{
	archiveVersion = 1;
	classes = {
	};
	objectVersion = 77;
	objects = {

/* Begin PBXBuildFile section */
		DDCFFDF52E887FCC0007428B /* Auth in Frameworks */ = {isa = PBXBuildFile; productRef = DDCFFDF42E887FCC0007428B /* Auth */; };
		DDCFFDF72E887FCC0007428B /* Functions in Frameworks */ = {isa = PBXBuildFile; productRef = DDCFFDF62E887FCC0007428B /* Functions */; };
		DDCFFDF92E887FCC0007428B /* PostgREST in Frameworks */ = {isa = PBXBuildFile; productRef = DDCFFDF82E887FCC0007428B /* PostgREST */; };
		DDCFFDFB2E887FCC0007428B /* Realtime in Frameworks */ = {isa = PBXBuildFile; productRef = DDCFFDFA2E887FCC0007428B /* Realtime */; };
		DDCFFDFD2E887FCC0007428B /* Storage in Frameworks */ = {isa = PBXBuildFile; productRef = DDCFFDFC2E887FCC0007428B /* Storage */; };
		DDCFFE002E8880080007428B /* Supabase in Frameworks */ = {isa = PBXBuildFile; productRef = DDCFFDFF2E8880080007428B /* Supabase */; };
/* End PBXBuildFile section */

/* Begin PBXContainerItemProxy section */
		DD6AC7372E8875C000C1CB05 /* PBXContainerItemProxy */ = {
			isa = PBXContainerItemProxy;
			containerPortal = DD6AC71F2E8875BF00C1CB05 /* Project object */;
			proxyType = 1;
			remoteGlobalIDString = DD6AC7262E8875BF00C1CB05;
			remoteInfo = lift.news;
		};
		DD6AC7412E8875C000C1CB05 /* PBXContainerItemProxy */ = {
			isa = PBXContainerItemProxy;
			containerPortal = DD6AC71F2E8875BF00C1CB05 /* Project object */;
			proxyType = 1;
			remoteGlobalIDString = DD6AC7262E8875BF00C1CB05;
			remoteInfo = lift.news;
		};
/* End PBXContainerItemProxy section */

/* Begin PBXFileReference section */
		DD6AC7272E8875BF00C1CB05 /* lift.news.app */ = {isa = PBXFileReference; explicitFileType = wrapper.application; includeInIndex = 0; path = lift.news.app; sourceTree = BUILT_PRODUCTS_DIR; };
		DD6AC7362E8875C000C1CB05 /* lift.newsTests.xctest */ = {isa = PBXFileReference; explicitFileType = wrapper.cfbundle; includeInIndex = 0; path = lift.newsTests.xctest; sourceTree = BUILT_PRODUCTS_DIR; };
		DD6AC7402E8875C000C1CB05 /* lift.newsUITests.xctest */ = {isa = PBXFileReference; explicitFileType = wrapper.cfbundle; includeInIndex = 0; path = lift.newsUITests.xctest; sourceTree = BUILT_PRODUCTS_DIR; };
/* End PBXFileReference section */

/* Begin PBXFileSystemSynchronizedRootGroup section */
		DD6AC7292E8875BF00C1CB05 /* lift.news */ = {
			isa = PBXFileSystemSynchronizedRootGroup;
			path = lift.news;
			sourceTree = "<group>";
		};
		DD6AC7392E8875C000C1CB05 /* lift.newsTests */ = {
			isa = PBXFileSystemSynchronizedRootGroup;
			path = lift.newsTests;
			sourceTree = "<group>";
		};
		DD6AC7432E8875C000C1CB05 /* lift.newsUITests */ = {
			isa = PBXFileSystemSynchronizedRootGroup;
			path = lift.newsUITests;
			sourceTree = "<group>";
		};
/* End PBXFileSystemSynchronizedRootGroup section */

/* Begin PBXFrameworksBuildPhase section */
		DD6AC7242E8875BF00C1CB05 /* Frameworks */ = {
			isa = PBXFrameworksBuildPhase;
			buildActionMask = 2147483647;
			files = (
				DDCFFDF92E887FCC0007428B /* PostgREST in Frameworks */,
				DDCFFDF72E887FCC0007428B /* Functions in Frameworks */,
				DDCFFE002E8880080007428B /* Supabase in Frameworks */,
				DDCFFDF52E887FCC0007428B /* Auth in Frameworks */,
				DDCFFDFD2E887FCC0007428B /* Storage in Frameworks */,
				DDCFFDFB2E887FCC0007428B /* Realtime in Frameworks */,
			);
			runOnlyForDeploymentPostprocessing = 0;
		};
		DD6AC7332E8875C000C1CB05 /* Frameworks */ = {
			isa = PBXFrameworksBuildPhase;
			buildActionMask = 2147483647;
			files = (
			);
			runOnlyForDeploymentPostprocessing = 0;
		};
		DD6AC73D2E8875C000C1CB05 /* Frameworks */ = {
			isa = PBXFrameworksBuildPhase;
			buildActionMask = 2147483647;
			files = (
			);
			runOnlyForDeploymentPostprocessing = 0;
		};
/* End PBXFrameworksBuildPhase section */

/* Begin PBXGroup section */
		DD6AC71E2E8875BF00C1CB05 = {
			isa = PBXGroup;
			children = (
				DD6AC7292E8875BF00C1CB05 /* lift.news */,
				DD6AC7392E8875C000C1CB05 /* lift.newsTests */,
				DD6AC7432E8875C000C1CB05 /* lift.newsUITests */,
				DDCFFDFE2E8880080007428B /* Frameworks */,
				DD6AC7282E8875BF00C1CB05 /* Products */,
			);
			sourceTree = "<group>";
		};
		DD6AC7282E8875BF00C1CB05 /* Products */ = {
			isa = PBXGroup;
			children = (
				DD6AC7272E8875BF00C1CB05 /* lift.news.app */,
				DD6AC7362E8875C000C1CB05 /* lift.newsTests.xctest */,
				DD6AC7402E8875C000C1CB05 /* lift.newsUITests.xctest */,
			);
			name = Products;
			sourceTree = "<group>";
		};
		DDCFFDFE2E8880080007428B /* Frameworks */ = {
			isa = PBXGroup;
			children = (
			);
			name = Frameworks;
			sourceTree = "<group>";
		};
/* End PBXGroup section */

/* Begin PBXNativeTarget section */
		DD6AC7262E8875BF00C1CB05 /* lift.news */ = {
			isa = PBXNativeTarget;
			buildConfigurationList = DD6AC74A2E8875C000C1CB05 /* Build configuration list for PBXNativeTarget "lift.news" */;
			buildPhases = (
				DD6AC7232E8875BF00C1CB05 /* Sources */,
				DD6AC7242E8875BF00C1CB05 /* Frameworks */,
				DD6AC7252E8875BF00C1CB05 /* Resources */,
			);
			buildRules = (
			);
			dependencies = (
			);
			fileSystemSynchronizedGroups = (
				DD6AC7292E8875BF00C1CB05 /* lift.news */,
			);
			name = lift.news;
			packageProductDependencies = (
				DDCFFDF42E887FCC0007428B /* Auth */,
				DDCFFDF62E887FCC0007428B /* Functions */,
				DDCFFDF82E887FCC0007428B /* PostgREST */,
				DDCFFDFA2E887FCC0007428B /* Realtime */,
				DDCFFDFC2E887FCC0007428B /* Storage */,
				DDCFFDFF2E8880080007428B /* Supabase */,
			);
			productName = lift.news;
			productReference = DD6AC7272E8875BF00C1CB05 /* lift.news.app */;
			productType = "com.apple.product-type.application";
		};
		DD6AC7352E8875C000C1CB05 /* lift.newsTests */ = {
			isa = PBXNativeTarget;
			buildConfigurationList = DD6AC74D2E8875C000C1CB05 /* Build configuration list for PBXNativeTarget "lift.newsTests" */;
			buildPhases = (
				DD6AC7322E8875C000C1CB05 /* Sources */,
				DD6AC7332E8875C000C1CB05 /* Frameworks */,
				DD6AC7342E8875C000C1CB05 /* Resources */,
			);
			buildRules = (
			);
			dependencies = (
				DD6AC7382E8875C000C1CB05 /* PBXTargetDependency */,
			);
			fileSystemSynchronizedGroups = (
				DD6AC7392E8875C000C1CB05 /* lift.newsTests */,
			);
			name = lift.newsTests;
			packageProductDependencies = (
			);
			productName = lift.newsTests;
			productReference = DD6AC7362E8875C000C1CB05 /* lift.newsTests.xctest */;
			productType = "com.apple.product-type.bundle.unit-test";
		};
		DD6AC73F2E8875C000C1CB05 /* lift.newsUITests */ = {
			isa = PBXNativeTarget;
			buildConfigurationList = DD6AC7502E8875C000C1CB05 /* Build configuration list for PBXNativeTarget "lift.newsUITests" */;
			buildPhases = (
				DD6AC73C2E8875C000C1CB05 /* Sources */,
				DD6AC73D2E8875C000C1CB05 /* Frameworks */,
				DD6AC73E2E8875C000C1CB05 /* Resources */,
			);
			buildRules = (
			);
			dependencies = (
				DD6AC7422E8875C000C1CB05 /* PBXTargetDependency */,
			);
			fileSystemSynchronizedGroups = (
				DD6AC7432E8875C000C1CB05 /* lift.newsUITests */,
			);
			name = lift.newsUITests;
			packageProductDependencies = (
			);
			productName = lift.newsUITests;
			productReference = DD6AC7402E8875C000C1CB05 /* lift.newsUITests.xctest */;
			productType = "com.apple.product-type.bundle.ui-testing";
		};
/* End PBXNativeTarget section */

/* Begin PBXProject section */
		DD6AC71F2E8875BF00C1CB05 /* Project object */ = {
			isa = PBXProject;
			attributes = {
				BuildIndependentTargetsInParallel = 1;
				LastSwiftUpdateCheck = 2600;
				LastUpgradeCheck = 2600;
				TargetAttributes = {
					DD6AC7262E8875BF00C1CB05 = {
						CreatedOnToolsVersion = 26.0;
					};
					DD6AC7352E8875C000C1CB05 = {
						CreatedOnToolsVersion = 26.0;
						TestTargetID = DD6AC7262E8875BF00C1CB05;
					};
					DD6AC73F2E8875C000C1CB05 = {
						CreatedOnToolsVersion = 26.0;
						TestTargetID = DD6AC7262E8875BF00C1CB05;
					};
				};
			};
			buildConfigurationList = DD6AC7222E8875BF00C1CB05 /* Build configuration list for PBXProject "lift.news" */;
			developmentRegion = en;
			hasScannedForEncodings = 0;
			knownRegions = (
				en,
				Base,
			);
			mainGroup = DD6AC71E2E8875BF00C1CB05;
			minimizedProjectReferenceProxies = 1;
			packageReferences = (
				DDCFFDF32E887FCC0007428B /* XCRemoteSwiftPackageReference "supabase-swift" */,
			);
			preferredProjectObjectVersion = 77;
			productRefGroup = DD6AC7282E8875BF00C1CB05 /* Products */;
			projectDirPath = "";
			projectRoot = "";
			targets = (
				DD6AC7262E8875BF00C1CB05 /* lift.news */,
				DD6AC7352E8875C000C1CB05 /* lift.newsTests */,
				DD6AC73F2E8875C000C1CB05 /* lift.newsUITests */,
			);
		};
/* End PBXProject section */

/* Begin PBXResourcesBuildPhase section */
		DD6AC7252E8875BF00C1CB05 /* Resources */ = {
			isa = PBXResourcesBuildPhase;
			buildActionMask = 2147483647;
			files = (
			);
			runOnlyForDeploymentPostprocessing = 0;
		};
		DD6AC7342E8875C000C1CB05 /* Resources */ = {
			isa = PBXResourcesBuildPhase;
			buildActionMask = 2147483647;
			files = (
			);
			runOnlyForDeploymentPostprocessing = 0;
		};
		DD6AC73E2E8875C000C1CB05 /* Resources */ = {
			isa = PBXResourcesBuildPhase;
			buildActionMask = 2147483647;
			files = (
			);
			runOnlyForDeploymentPostprocessing = 0;
		};
/* End PBXResourcesBuildPhase section */

/* Begin PBXSourcesBuildPhase section */
		DD6AC7232E8875BF00C1CB05 /* Sources */ = {
			isa = PBXSourcesBuildPhase;
			buildActionMask = 2147483647;
			files = (
			);
			runOnlyForDeploymentPostprocessing = 0;
		};
		DD6AC7322E8875C000C1CB05 /* Sources */ = {
			isa = PBXSourcesBuildPhase;
			buildActionMask = 2147483647;
			files = (
			);
			runOnlyForDeploymentPostprocessing = 0;
		};
		DD6AC73C2E8875C000C1CB05 /* Sources */ = {
			isa = PBXSourcesBuildPhase;
			buildActionMask = 2147483647;
			files = (
			);
			runOnlyForDeploymentPostprocessing = 0;
		};
/* End PBXSourcesBuildPhase section */

/* Begin PBXTargetDependency section */
		DD6AC7382E8875C000C1CB05 /* PBXTargetDependency */ = {
			isa = PBXTargetDependency;
			target = DD6AC7262E8875BF00C1CB05 /* lift.news */;
			targetProxy = DD6AC7372E8875C000C1CB05 /* PBXContainerItemProxy */;
		};
		DD6AC7422E8875C000C1CB05 /* PBXTargetDependency */ = {
			isa = PBXTargetDependency;
			target = DD6AC7262E8875BF00C1CB05 /* lift.news */;
			targetProxy = DD6AC7412E8875C000C1CB05 /* PBXContainerItemProxy */;
		};
/* End PBXTargetDependency section */

/* Begin XCBuildConfiguration section */
		DD6AC7482E8875C000C1CB05 /* Debug */ = {
			isa = XCBuildConfiguration;
			buildSettings = {
				ALWAYS_SEARCH_USER_PATHS = NO;
				ASSETCATALOG_COMPILER_GENERATE_SWIFT_ASSET_SYMBOL_EXTENSIONS = YES;
				CLANG_ANALYZER_NONNULL = YES;
				CLANG_ANALYZER_NUMBER_OBJECT_CONVERSION = YES_AGGRESSIVE;
				CLANG_CXX_LANGUAGE_STANDARD = "gnu++20";
				CLANG_ENABLE_MODULES = YES;
				CLANG_ENABLE_OBJC_ARC = YES;
				CLANG_ENABLE_OBJC_WEAK = YES;
				CLANG_WARN_BLOCK_CAPTURE_AUTORELEASING = YES;
				CLANG_WARN_BOOL_CONVERSION = YES;
				CLANG_WARN_COMMA = YES;
				CLANG_WARN_CONSTANT_CONVERSION = YES;
				CLANG_WARN_DEPRECATED_OBJC_IMPLEMENTATIONS = YES;
				CLANG_WARN_DIRECT_OBJC_ISA_USAGE = YES_ERROR;
				CLANG_WARN_DOCUMENTATION_COMMENTS = YES;
				CLANG_WARN_EMPTY_BODY = YES;
				CLANG_WARN_ENUM_CONVERSION = YES;
				CLANG_WARN_INFINITE_RECURSION = YES;
				CLANG_WARN_INT_CONVERSION = YES;
				CLANG_WARN_NON_LITERAL_NULL_CONVERSION = YES;
				CLANG_WARN_OBJC_IMPLICIT_RETAIN_SELF = YES;
				CLANG_WARN_OBJC_LITERAL_CONVERSION = YES;
				CLANG_WARN_OBJC_ROOT_CLASS = YES_ERROR;
				CLANG_WARN_QUOTED_INCLUDE_IN_FRAMEWORK_HEADER = YES;
				CLANG_WARN_RANGE_LOOP_ANALYSIS = YES;
				CLANG_WARN_STRICT_PROTOTYPES = YES;
				CLANG_WARN_SUSPICIOUS_MOVE = YES;
				CLANG_WARN_UNGUARDED_AVAILABILITY = YES_AGGRESSIVE;
				CLANG_WARN_UNREACHABLE_CODE = YES;
				CLANG_WARN__DUPLICATE_METHOD_MATCH = YES;
				COPY_PHASE_STRIP = NO;
				DEBUG_INFORMATION_FORMAT = dwarf;
				ENABLE_STRICT_OBJC_MSGSEND = YES;
				ENABLE_TESTABILITY = YES;
				ENABLE_USER_SCRIPT_SANDBOXING = YES;
				GCC_C_LANGUAGE_STANDARD = gnu17;
				GCC_DYNAMIC_NO_PIC = NO;
				GCC_NO_COMMON_BLOCKS = YES;
				GCC_OPTIMIZATION_LEVEL = 0;
				GCC_PREPROCESSOR_DEFINITIONS = (
					"DEBUG=1",
					"$(inherited)",
				);
				GCC_WARN_64_TO_32_BIT_CONVERSION = YES;
				GCC_WARN_ABOUT_RETURN_TYPE = YES_ERROR;
				GCC_WARN_UNDECLARED_SELECTOR = YES;
				GCC_WARN_UNINITIALIZED_AUTOS = YES_AGGRESSIVE;
				GCC_WARN_UNUSED_FUNCTION = YES;
				GCC_WARN_UNUSED_VARIABLE = YES;
				LOCALIZATION_PREFERS_STRING_CATALOGS = YES;
				MTL_ENABLE_DEBUG_INFO = INCLUDE_SOURCE;
				MTL_FAST_MATH = YES;
				ONLY_ACTIVE_ARCH = YES;
				SWIFT_ACTIVE_COMPILATION_CONDITIONS = "DEBUG $(inherited)";
				SWIFT_OPTIMIZATION_LEVEL = "-Onone";
			};
			name = Debug;
		};
		DD6AC7492E8875C000C1CB05 /* Release */ = {
			isa = XCBuildConfiguration;
			buildSettings = {
				ALWAYS_SEARCH_USER_PATHS = NO;
				ASSETCATALOG_COMPILER_GENERATE_SWIFT_ASSET_SYMBOL_EXTENSIONS = YES;
				CLANG_ANALYZER_NONNULL = YES;
				CLANG_ANALYZER_NUMBER_OBJECT_CONVERSION = YES_AGGRESSIVE;
				CLANG_CXX_LANGUAGE_STANDARD = "gnu++20";
				CLANG_ENABLE_MODULES = YES;
				CLANG_ENABLE_OBJC_ARC = YES;
				CLANG_ENABLE_OBJC_WEAK = YES;
				CLANG_WARN_BLOCK_CAPTURE_AUTORELEASING = YES;
				CLANG_WARN_BOOL_CONVERSION = YES;
				CLANG_WARN_COMMA = YES;
				CLANG_WARN_CONSTANT_CONVERSION = YES;
				CLANG_WARN_DEPRECATED_OBJC_IMPLEMENTATIONS = YES;
				CLANG_WARN_DIRECT_OBJC_ISA_USAGE = YES_ERROR;
				CLANG_WARN_DOCUMENTATION_COMMENTS = YES;
				CLANG_WARN_EMPTY_BODY = YES;
				CLANG_WARN_ENUM_CONVERSION = YES;
				CLANG_WARN_INFINITE_RECURSION = YES;
				CLANG_WARN_INT_CONVERSION = YES;
				CLANG_WARN_NON_LITERAL_NULL_CONVERSION = YES;
				CLANG_WARN_OBJC_IMPLICIT_RETAIN_SELF = YES;
				CLANG_WARN_OBJC_LITERAL_CONVERSION = YES;
				CLANG_WARN_OBJC_ROOT_CLASS = YES_ERROR;
				CLANG_WARN_QUOTED_INCLUDE_IN_FRAMEWORK_HEADER = YES;
				CLANG_WARN_RANGE_LOOP_ANALYSIS = YES;
				CLANG_WARN_STRICT_PROTOTYPES = YES;
				CLANG_WARN_SUSPICIOUS_MOVE = YES;
				CLANG_WARN_UNGUARDED_AVAILABILITY = YES_AGGRESSIVE;
				CLANG_WARN_UNREACHABLE_CODE = YES;
				CLANG_WARN__DUPLICATE_METHOD_MATCH = YES;
				COPY_PHASE_STRIP = NO;
				DEBUG_INFORMATION_FORMAT = "dwarf-with-dsym";
				ENABLE_NS_ASSERTIONS = NO;
				ENABLE_STRICT_OBJC_MSGSEND = YES;
				ENABLE_USER_SCRIPT_SANDBOXING = YES;
				GCC_C_LANGUAGE_STANDARD = gnu17;
				GCC_NO_COMMON_BLOCKS = YES;
				GCC_WARN_64_TO_32_BIT_CONVERSION = YES;
				GCC_WARN_ABOUT_RETURN_TYPE = YES_ERROR;
				GCC_WARN_UNDECLARED_SELECTOR = YES;
				GCC_WARN_UNINITIALIZED_AUTOS = YES_AGGRESSIVE;
				GCC_WARN_UNUSED_FUNCTION = YES;
				GCC_WARN_UNUSED_VARIABLE = YES;
				LOCALIZATION_PREFERS_STRING_CATALOGS = YES;
				MTL_ENABLE_DEBUG_INFO = NO;
				MTL_FAST_MATH = YES;
				SWIFT_COMPILATION_MODE = wholemodule;
			};
			name = Release;
		};
		DD6AC74B2E8875C000C1CB05 /* Debug */ = {
			isa = XCBuildConfiguration;
			buildSettings = {
				ASSETCATALOG_COMPILER_APPICON_NAME = AppIcon;
				ASSETCATALOG_COMPILER_GLOBAL_ACCENT_COLOR_NAME = AccentColor;
				CODE_SIGN_STYLE = Automatic;
				CURRENT_PROJECT_VERSION = 1;
				ENABLE_APP_SANDBOX = YES;
				ENABLE_PREVIEWS = YES;
				ENABLE_USER_SELECTED_FILES = readonly;
				GENERATE_INFOPLIST_FILE = YES;
				"INFOPLIST_KEY_UIApplicationSceneManifest_Generation[sdk=iphoneos*]" = YES;
				"INFOPLIST_KEY_UIApplicationSceneManifest_Generation[sdk=iphonesimulator*]" = YES;
				"INFOPLIST_KEY_UIApplicationSupportsIndirectInputEvents[sdk=iphoneos*]" = YES;
				"INFOPLIST_KEY_UIApplicationSupportsIndirectInputEvents[sdk=iphonesimulator*]" = YES;
				"INFOPLIST_KEY_UILaunchScreen_Generation[sdk=iphoneos*]" = YES;
				"INFOPLIST_KEY_UILaunchScreen_Generation[sdk=iphonesimulator*]" = YES;
				"INFOPLIST_KEY_UIStatusBarStyle[sdk=iphoneos*]" = UIStatusBarStyleDefault;
				"INFOPLIST_KEY_UIStatusBarStyle[sdk=iphonesimulator*]" = UIStatusBarStyleDefault;
				INFOPLIST_KEY_UISupportedInterfaceOrientations_iPad = "UIInterfaceOrientationPortrait UIInterfaceOrientationPortraitUpsideDown UIInterfaceOrientationLandscapeLeft UIInterfaceOrientationLandscapeRight";
				INFOPLIST_KEY_UISupportedInterfaceOrientations_iPhone = "UIInterfaceOrientationPortrait UIInterfaceOrientationLandscapeLeft UIInterfaceOrientationLandscapeRight";
				IPHONEOS_DEPLOYMENT_TARGET = 26.0;
				LD_RUNPATH_SEARCH_PATHS = "@executable_path/Frameworks";
				"LD_RUNPATH_SEARCH_PATHS[sdk=macosx*]" = "@executable_path/../Frameworks";
				MACOSX_DEPLOYMENT_TARGET = 26.0;
				MARKETING_VERSION = 1.0;
				PRODUCT_BUNDLE_IDENTIFIER = "com.OutsmartingProducts.lift-news";
				PRODUCT_NAME = "$(TARGET_NAME)";
				REGISTER_APP_GROUPS = YES;
				SDKROOT = auto;
				STRING_CATALOG_GENERATE_SYMBOLS = YES;
				SUPPORTED_PLATFORMS = "iphoneos iphonesimulator macosx xros xrsimulator";
				SWIFT_DEFAULT_ACTOR_ISOLATION = MainActor;
				SWIFT_EMIT_LOC_STRINGS = YES;
				SWIFT_UPCOMING_FEATURE_MEMBER_IMPORT_VISIBILITY = YES;
				SWIFT_VERSION = 5.0;
				TARGETED_DEVICE_FAMILY = "1,2,7";
				XROS_DEPLOYMENT_TARGET = 26.0;
			};
			name = Debug;
		};
		DD6AC74C2E8875C000C1CB05 /* Release */ = {
			isa = XCBuildConfiguration;
			buildSettings = {
				ASSETCATALOG_COMPILER_APPICON_NAME = AppIcon;
				ASSETCATALOG_COMPILER_GLOBAL_ACCENT_COLOR_NAME = AccentColor;
				CODE_SIGN_STYLE = Automatic;
				CURRENT_PROJECT_VERSION = 1;
				ENABLE_APP_SANDBOX = YES;
				ENABLE_PREVIEWS = YES;
				ENABLE_USER_SELECTED_FILES = readonly;
				GENERATE_INFOPLIST_FILE = YES;
				"INFOPLIST_KEY_UIApplicationSceneManifest_Generation[sdk=iphoneos*]" = YES;
				"INFOPLIST_KEY_UIApplicationSceneManifest_Generation[sdk=iphonesimulator*]" = YES;
				"INFOPLIST_KEY_UIApplicationSupportsIndirectInputEvents[sdk=iphoneos*]" = YES;
				"INFOPLIST_KEY_UIApplicationSupportsIndirectInputEvents[sdk=iphonesimulator*]" = YES;
				"INFOPLIST_KEY_UILaunchScreen_Generation[sdk=iphoneos*]" = YES;
				"INFOPLIST_KEY_UILaunchScreen_Generation[sdk=iphonesimulator*]" = YES;
				"INFOPLIST_KEY_UIStatusBarStyle[sdk=iphoneos*]" = UIStatusBarStyleDefault;
				"INFOPLIST_KEY_UIStatusBarStyle[sdk=iphonesimulator*]" = UIStatusBarStyleDefault;
				INFOPLIST_KEY_UISupportedInterfaceOrientations_iPad = "UIInterfaceOrientationPortrait UIInterfaceOrientationPortraitUpsideDown UIInterfaceOrientationLandscapeLeft UIInterfaceOrientationLandscapeRight";
				INFOPLIST_KEY_UISupportedInterfaceOrientations_iPhone = "UIInterfaceOrientationPortrait UIInterfaceOrientationLandscapeLeft UIInterfaceOrientationLandscapeRight";
				IPHONEOS_DEPLOYMENT_TARGET = 26.0;
				LD_RUNPATH_SEARCH_PATHS = "@executable_path/Frameworks";
				"LD_RUNPATH_SEARCH_PATHS[sdk=macosx*]" = "@executable_path/../Frameworks";
				MACOSX_DEPLOYMENT_TARGET = 26.0;
				MARKETING_VERSION = 1.0;
				PRODUCT_BUNDLE_IDENTIFIER = "com.OutsmartingProducts.lift-news";
				PRODUCT_NAME = "$(TARGET_NAME)";
				REGISTER_APP_GROUPS = YES;
				SDKROOT = auto;
				STRING_CATALOG_GENERATE_SYMBOLS = YES;
				SUPPORTED_PLATFORMS = "iphoneos iphonesimulator macosx xros xrsimulator";
				SWIFT_DEFAULT_ACTOR_ISOLATION = MainActor;
				SWIFT_EMIT_LOC_STRINGS = YES;
				SWIFT_UPCOMING_FEATURE_MEMBER_IMPORT_VISIBILITY = YES;
				SWIFT_VERSION = 5.0;
				TARGETED_DEVICE_FAMILY = "1,2,7";
				XROS_DEPLOYMENT_TARGET = 26.0;
			};
			name = Release;
		};
		DD6AC74E2E8875C000C1CB05 /* Debug */ = {
			isa = XCBuildConfiguration;
			buildSettings = {
				BUNDLE_LOADER = "$(TEST_HOST)";
				CODE_SIGN_STYLE = Automatic;
				CURRENT_PROJECT_VERSION = 1;
				GENERATE_INFOPLIST_FILE = YES;
				IPHONEOS_DEPLOYMENT_TARGET = 26.0;
				MACOSX_DEPLOYMENT_TARGET = 26.0;
				MARKETING_VERSION = 1.0;
				PRODUCT_BUNDLE_IDENTIFIER = "com.OutsmartingProducts.lift-newsTests";
				PRODUCT_NAME = "$(TARGET_NAME)";
				SDKROOT = auto;
				STRING_CATALOG_GENERATE_SYMBOLS = NO;
				SUPPORTED_PLATFORMS = "iphoneos iphonesimulator macosx xros xrsimulator";
				SWIFT_EMIT_LOC_STRINGS = NO;
				SWIFT_UPCOMING_FEATURE_MEMBER_IMPORT_VISIBILITY = YES;
				SWIFT_VERSION = 5.0;
				TARGETED_DEVICE_FAMILY = "1,2,7";
				TEST_HOST = "$(BUILT_PRODUCTS_DIR)/lift.news.app/$(BUNDLE_EXECUTABLE_FOLDER_PATH)/lift.news";
				XROS_DEPLOYMENT_TARGET = 26.0;
			};
			name = Debug;
		};
		DD6AC74F2E8875C000C1CB05 /* Release */ = {
			isa = XCBuildConfiguration;
			buildSettings = {
				BUNDLE_LOADER = "$(TEST_HOST)";
				CODE_SIGN_STYLE = Automatic;
				CURRENT_PROJECT_VERSION = 1;
				GENERATE_INFOPLIST_FILE = YES;
				IPHONEOS_DEPLOYMENT_TARGET = 26.0;
				MACOSX_DEPLOYMENT_TARGET = 26.0;
				MARKETING_VERSION = 1.0;
				PRODUCT_BUNDLE_IDENTIFIER = "com.OutsmartingProducts.lift-newsTests";
				PRODUCT_NAME = "$(TARGET_NAME)";
				SDKROOT = auto;
				STRING_CATALOG_GENERATE_SYMBOLS = NO;
				SUPPORTED_PLATFORMS = "iphoneos iphonesimulator macosx xros xrsimulator";
				SWIFT_EMIT_LOC_STRINGS = NO;
				SWIFT_UPCOMING_FEATURE_MEMBER_IMPORT_VISIBILITY = YES;
				SWIFT_VERSION = 5.0;
				TARGETED_DEVICE_FAMILY = "1,2,7";
				TEST_HOST = "$(BUILT_PRODUCTS_DIR)/lift.news.app/$(BUNDLE_EXECUTABLE_FOLDER_PATH)/lift.news";
				XROS_DEPLOYMENT_TARGET = 26.0;
			};
			name = Release;
		};
		DD6AC7512E8875C000C1CB05 /* Debug */ = {
			isa = XCBuildConfiguration;
			buildSettings = {
				CODE_SIGN_STYLE = Automatic;
				CURRENT_PROJECT_VERSION = 1;
				GENERATE_INFOPLIST_FILE = YES;
				IPHONEOS_DEPLOYMENT_TARGET = 26.0;
				MACOSX_DEPLOYMENT_TARGET = 26.0;
				MARKETING_VERSION = 1.0;
				PRODUCT_BUNDLE_IDENTIFIER = "com.OutsmartingProducts.lift-newsUITests";
				PRODUCT_NAME = "$(TARGET_NAME)";
				SDKROOT = auto;
				STRING_CATALOG_GENERATE_SYMBOLS = NO;
				SUPPORTED_PLATFORMS = "iphoneos iphonesimulator macosx xros xrsimulator";
				SWIFT_EMIT_LOC_STRINGS = NO;
				SWIFT_UPCOMING_FEATURE_MEMBER_IMPORT_VISIBILITY = YES;
				SWIFT_VERSION = 5.0;
				TARGETED_DEVICE_FAMILY = "1,2,7";
				TEST_TARGET_NAME = lift.news;
				XROS_DEPLOYMENT_TARGET = 26.0;
			};
			name = Debug;
		};
		DD6AC7522E8875C000C1CB05 /* Release */ = {
			isa = XCBuildConfiguration;
			buildSettings = {
				CODE_SIGN_STYLE = Automatic;
				CURRENT_PROJECT_VERSION = 1;
				GENERATE_INFOPLIST_FILE = YES;
				IPHONEOS_DEPLOYMENT_TARGET = 26.0;
				MACOSX_DEPLOYMENT_TARGET = 26.0;
				MARKETING_VERSION = 1.0;
				PRODUCT_BUNDLE_IDENTIFIER = "com.OutsmartingProducts.lift-newsUITests";
				PRODUCT_NAME = "$(TARGET_NAME)";
				SDKROOT = auto;
				STRING_CATALOG_GENERATE_SYMBOLS = NO;
				SUPPORTED_PLATFORMS = "iphoneos iphonesimulator macosx xros xrsimulator";
				SWIFT_EMIT_LOC_STRINGS = NO;
				SWIFT_UPCOMING_FEATURE_MEMBER_IMPORT_VISIBILITY = YES;
				SWIFT_VERSION = 5.0;
				TARGETED_DEVICE_FAMILY = "1,2,7";
				TEST_TARGET_NAME = lift.news;
				XROS_DEPLOYMENT_TARGET = 26.0;
			};
			name = Release;
		};
/* End XCBuildConfiguration section */

/* Begin XCConfigurationList section */
		DD6AC7222E8875BF00C1CB05 /* Build configuration list for PBXProject "lift.news" */ = {
			isa = XCConfigurationList;
			buildConfigurations = (
				DD6AC7482E8875C000C1CB05 /* Debug */,
				DD6AC7492E8875C000C1CB05 /* Release */,
			);
			defaultConfigurationIsVisible = 0;
			defaultConfigurationName = Release;
		};
		DD6AC74A2E8875C000C1CB05 /* Build configuration list for PBXNativeTarget "lift.news" */ = {
			isa = XCConfigurationList;
			buildConfigurations = (
				DD6AC74B2E8875C000C1CB05 /* Debug */,
				DD6AC74C2E8875C000C1CB05 /* Release */,
			);
			defaultConfigurationIsVisible = 0;
			defaultConfigurationName = Release;
		};
		DD6AC74D2E8875C000C1CB05 /* Build configuration list for PBXNativeTarget "lift.newsTests" */ = {
			isa = XCConfigurationList;
			buildConfigurations = (
				DD6AC74E2E8875C000C1CB05 /* Debug */,
				DD6AC74F2E8875C000C1CB05 /* Release */,
			);
			defaultConfigurationIsVisible = 0;
			defaultConfigurationName = Release;
		};
		DD6AC7502E8875C000C1CB05 /* Build configuration list for PBXNativeTarget "lift.newsUITests" */ = {
			isa = XCConfigurationList;
			buildConfigurations = (
				DD6AC7512E8875C000C1CB05 /* Debug */,
				DD6AC7522E8875C000C1CB05 /* Release */,
			);
			defaultConfigurationIsVisible = 0;
			defaultConfigurationName = Release;
		};
/* End XCConfigurationList section */

/* Begin XCRemoteSwiftPackageReference section */
		DDCFFDF32E887FCC0007428B /* XCRemoteSwiftPackageReference "supabase-swift" */ = {
			isa = XCRemoteSwiftPackageReference;
			repositoryURL = "https://github.com/supabase-community/supabase-swift";
			requirement = {
				kind = upToNextMajorVersion;
				minimumVersion = 2.5.1;
			};
		};
/* End XCRemoteSwiftPackageReference section */

/* Begin XCSwiftPackageProductDependency section */
		DDCFFDF42E887FCC0007428B /* Auth */ = {
			isa = XCSwiftPackageProductDependency;
			package = DDCFFDF32E887FCC0007428B /* XCRemoteSwiftPackageReference "supabase-swift" */;
			productName = Auth;
		};
		DDCFFDF62E887FCC0007428B /* Functions */ = {
			isa = XCSwiftPackageProductDependency;
			package = DDCFFDF32E887FCC0007428B /* XCRemoteSwiftPackageReference "supabase-swift" */;
			productName = Functions;
		};
		DDCFFDF82E887FCC0007428B /* PostgREST */ = {
			isa = XCSwiftPackageProductDependency;
			package = DDCFFDF32E887FCC0007428B /* XCRemoteSwiftPackageReference "supabase-swift" */;
			productName = PostgREST;
		};
		DDCFFDFA2E887FCC0007428B /* Realtime */ = {
			isa = XCSwiftPackageProductDependency;
			package = DDCFFDF32E887FCC0007428B /* XCRemoteSwiftPackageReference "supabase-swift" */;
			productName = Realtime;
		};
		DDCFFDFC2E887FCC0007428B /* Storage */ = {
			isa = XCSwiftPackageProductDependency;
			package = DDCFFDF32E887FCC0007428B /* XCRemoteSwiftPackageReference "supabase-swift" */;
			productName = Storage;
		};
		DDCFFDFF2E8880080007428B /* Supabase */ = {
			isa = XCSwiftPackageProductDependency;
			package = DDCFFDF32E887FCC0007428B /* XCRemoteSwiftPackageReference "supabase-swift" */;
			productName = Supabase;
		};
/* End XCSwiftPackageProductDependency section */
	};
	rootObject = DD6AC71F2E8875BF00C1CB05 /* Project object */;
}
